Microsoft Visual Studio Solution File, Format Version 12.00
# Visual Studio 2013
Project("{8BC9CEB8-8B4A-11D0-8D11-00A0C91BC942}") = "ALL_BUILD", "ALL_BUILD.vcxproj", "{B1B20BF7-8994-435B-8041-33F9C94AB1CD}"
	ProjectSection(ProjectDependencies) = postProject
		{54A50CFC-720E-4B0A-961C-2C26C0719E99} = {54A50CFC-720E-4B0A-961C-2C26C0719E99}
		{4B4D90C7-C7B8-4FB9-A20D-56CB647C9C84} = {4B4D90C7-C7B8-4FB9-A20D-56CB647C9C84}
		{4D418EE3-9F50-43F1-8B19-AC527ACDE5B8} = {4D418EE3-9F50-43F1-8B19-AC527ACDE5B8}
		{FEB8194C-3EC9-4AAA-B53F-DD88762D1FB9} = {FEB8194C-3EC9-4AAA-B53F-DD88762D1FB9}
		{B442E3DA-8CF7-439A-A2BA-D6D87B1008BB} = {B442E3DA-8CF7-439A-A2BA-D6D87B1008BB}
	EndProjectSection
EndProject
Project("{8BC9CEB8-8B4A-11D0-8D11-00A0C91BC942}") = "INSTALL", "INSTALL.vcxproj", "{F5E4B9D5-6E36-4001-BBDF-4C0E97E79DBC}"
	ProjectSection(ProjectDependencies) = postProject
		{B1B20BF7-8994-435B-8041-33F9C94AB1CD} = {B1B20BF7-8994-435B-8041-33F9C94AB1CD}
	EndProjectSection
EndProject
Project("{8BC9CEB8-8B4A-11D0-8D11-00A0C91BC942}") = "ZERO_CHECK", "ZERO_CHECK.vcxproj", "{54A50CFC-720E-4B0A-961C-2C26C0719E99}"
	ProjectSection(ProjectDependencies) = postProject
	EndProjectSection
EndProject
Project("{8BC9CEB8-8B4A-11D0-8D11-00A0C91BC942}") = "libprotobuf", "libprotobuf.vcxproj", "{4B4D90C7-C7B8-4FB9-A20D-56CB647C9C84}"
	ProjectSection(ProjectDependencies) = postProject
		{54A50CFC-720E-4B0A-961C-2C26C0719E99} = {54A50CFC-720E-4B0A-961C-2C26C0719E99}
	EndProjectSection
EndProject
Project("{8BC9CEB8-8B4A-11D0-8D11-00A0C91BC942}") = "libprotobuf-lite", "libprotobuf-lite.vcxproj", "{4D418EE3-9F50-43F1-8B19-AC527ACDE5B8}"
	ProjectSection(ProjectDependencies) = postProject
		{54A50CFC-720E-4B0A-961C-2C26C0719E99} = {54A50CFC-720E-4B0A-961C-2C26C0719E99}
	EndProjectSection
EndProject
Project("{8BC9CEB8-8B4A-11D0-8D11-00A0C91BC942}") = "libprotoc", "libprotoc.vcxproj", "{FEB8194C-3EC9-4AAA-B53F-DD88762D1FB9}"
	ProjectSection(ProjectDependencies) = postProject
		{54A50CFC-720E-4B0A-961C-2C26C0719E99} = {54A50CFC-720E-4B0A-961C-2C26C0719E99}
		{4B4D90C7-C7B8-4FB9-A20D-56CB647C9C84} = {4B4D90C7-C7B8-4FB9-A20D-56CB647C9C84}
	EndProjectSection
EndProject
Project("{8BC9CEB8-8B4A-11D0-8D11-00A0C91BC942}") = "protoc", "protoc.vcxproj", "{B442E3DA-8CF7-439A-A2BA-D6D87B1008BB}"
	ProjectSection(ProjectDependencies) = postProject
		{54A50CFC-720E-4B0A-961C-2C26C0719E99} = {54A50CFC-720E-4B0A-961C-2C26C0719E99}
		{4B4D90C7-C7B8-4FB9-A20D-56CB647C9C84} = {4B4D90C7-C7B8-4FB9-A20D-56CB647C9C84}
		{FEB8194C-3EC9-4AAA-B53F-DD88762D1FB9} = {FEB8194C-3EC9-4AAA-B53F-DD88762D1FB9}
	EndProjectSection
EndProject
Global
	GlobalSection(SolutionConfigurationPlatforms) = preSolution
		Debug|Win32 = Debug|Win32
		Release|Win32 = Release|Win32
		MinSizeRel|Win32 = MinSizeRel|Win32
		RelWithDebInfo|Win32 = RelWithDebInfo|Win32
	EndGlobalSection
	GlobalSection(ProjectConfigurationPlatforms) = postSolution
		{B1B20BF7-8994-435B-8041-33F9C94AB1CD}.Debug|Win32.ActiveCfg = Debug|Win32
		{B1B20BF7-8994-435B-8041-33F9C94AB1CD}.Debug|Win32.Build.0 = Debug|Win32
		{B1B20BF7-8994-435B-8041-33F9C94AB1CD}.Release|Win32.ActiveCfg = Release|Win32
		{B1B20BF7-8994-435B-8041-33F9C94AB1CD}.Release|Win32.Build.0 = Release|Win32
		{B1B20BF7-8994-435B-8041-33F9C94AB1CD}.MinSizeRel|Win32.ActiveCfg = MinSizeRel|Win32
		{B1B20BF7-8994-435B-8041-33F9C94AB1CD}.MinSizeRel|Win32.Build.0 = MinSizeRel|Win32
		{B1B20BF7-8994-435B-8041-33F9C94AB1CD}.RelWithDebInfo|Win32.ActiveCfg = RelWithDebInfo|Win32
		{B1B20BF7-8994-435B-8041-33F9C94AB1CD}.RelWithDebInfo|Win32.Build.0 = RelWithDebInfo|Win32
		{F5E4B9D5-6E36-4001-BBDF-4C0E97E79DBC}.Debug|Win32.ActiveCfg = Debug|Win32
		{F5E4B9D5-6E36-4001-BBDF-4C0E97E79DBC}.Release|Win32.ActiveCfg = Release|Win32
		{F5E4B9D5-6E36-4001-BBDF-4C0E97E79DBC}.MinSizeRel|Win32.ActiveCfg = MinSizeRel|Win32
		{F5E4B9D5-6E36-4001-BBDF-4C0E97E79DBC}.RelWithDebInfo|Win32.ActiveCfg = RelWithDebInfo|Win32
		{54A50CFC-720E-4B0A-961C-2C26C0719E99}.Debug|Win32.ActiveCfg = Debug|Win32
		{54A50CFC-720E-4B0A-961C-2C26C0719E99}.Debug|Win32.Build.0 = Debug|Win32
		{54A50CFC-720E-4B0A-961C-2C26C0719E99}.Release|Win32.ActiveCfg = Release|Win32
		{54A50CFC-720E-4B0A-961C-2C26C0719E99}.Release|Win32.Build.0 = Release|Win32
		{54A50CFC-720E-4B0A-961C-2C26C0719E99}.MinSizeRel|Win32.ActiveCfg = MinSizeRel|Win32
		{54A50CFC-720E-4B0A-961C-2C26C0719E99}.MinSizeRel|Win32.Build.0 = MinSizeRel|Win32
		{54A50CFC-720E-4B0A-961C-2C26C0719E99}.RelWithDebInfo|Win32.ActiveCfg = RelWithDebInfo|Win32
		{54A50CFC-720E-4B0A-961C-2C26C0719E99}.RelWithDebInfo|Win32.Build.0 = RelWithDebInfo|Win32
		{4B4D90C7-C7B8-4FB9-A20D-56CB647C9C84}.Debug|Win32.ActiveCfg = Debug|Win32
		{4B4D90C7-C7B8-4FB9-A20D-56CB647C9C84}.Debug|Win32.Build.0 = Debug|Win32
		{4B4D90C7-C7B8-4FB9-A20D-56CB647C9C84}.Release|Win32.ActiveCfg = Release|Win32
		{4B4D90C7-C7B8-4FB9-A20D-56CB647C9C84}.Release|Win32.Build.0 = Release|Win32
		{4B4D90C7-C7B8-4FB9-A20D-56CB647C9C84}.MinSizeRel|Win32.ActiveCfg = MinSizeRel|Win32
		{4B4D90C7-C7B8-4FB9-A20D-56CB647C9C84}.MinSizeRel|Win32.Build.0 = MinSizeRel|Win32
		{4B4D90C7-C7B8-4FB9-A20D-56CB647C9C84}.RelWithDebInfo|Win32.ActiveCfg = RelWithDebInfo|Win32
		{4B4D90C7-C7B8-4FB9-A20D-56CB647C9C84}.RelWithDebInfo|Win32.Build.0 = RelWithDebInfo|Win32
		{4D418EE3-9F50-43F1-8B19-AC527ACDE5B8}.Debug|Win32.ActiveCfg = Debug|Win32
		{4D418EE3-9F50-43F1-8B19-AC527ACDE5B8}.Debug|Win32.Build.0 = Debug|Win32
		{4D418EE3-9F50-43F1-8B19-AC527ACDE5B8}.Release|Win32.ActiveCfg = Release|Win32
		{4D418EE3-9F50-43F1-8B19-AC527ACDE5B8}.Release|Win32.Build.0 = Release|Win32
		{4D418EE3-9F50-43F1-8B19-AC527ACDE5B8}.MinSizeRel|Win32.ActiveCfg = MinSizeRel|Win32
		{4D418EE3-9F50-43F1-8B19-AC527ACDE5B8}.MinSizeRel|Win32.Build.0 = MinSizeRel|Win32
		{4D418EE3-9F50-43F1-8B19-AC527ACDE5B8}.RelWithDebInfo|Win32.ActiveCfg = RelWithDebInfo|Win32
		{4D418EE3-9F50-43F1-8B19-AC527ACDE5B8}.RelWithDebInfo|Win32.Build.0 = RelWithDebInfo|Win32
		{FEB8194C-3EC9-4AAA-B53F-DD88762D1FB9}.Debug|Win32.ActiveCfg = Debug|Win32
		{FEB8194C-3EC9-4AAA-B53F-DD88762D1FB9}.Debug|Win32.Build.0 = Debug|Win32
		{FEB8194C-3EC9-4AAA-B53F-DD88762D1FB9}.Release|Win32.ActiveCfg = Release|Win32
		{FEB8194C-3EC9-4AAA-B53F-DD88762D1FB9}.Release|Win32.Build.0 = Release|Win32
		{FEB8194C-3EC9-4AAA-B53F-DD88762D1FB9}.MinSizeRel|Win32.ActiveCfg = MinSizeRel|Win32
		{FEB8194C-3EC9-4AAA-B53F-DD88762D1FB9}.MinSizeRel|Win32.Build.0 = MinSizeRel|Win32
		{FEB8194C-3EC9-4AAA-B53F-DD88762D1FB9}.RelWithDebInfo|Win32.ActiveCfg = RelWithDebInfo|Win32
		{FEB8194C-3EC9-4AAA-B53F-DD88762D1FB9}.RelWithDebInfo|Win32.Build.0 = RelWithDebInfo|Win32
		{B442E3DA-8CF7-439A-A2BA-D6D87B1008BB}.Debug|Win32.ActiveCfg = Debug|Win32
		{B442E3DA-8CF7-439A-A2BA-D6D87B1008BB}.Debug|Win32.Build.0 = Debug|Win32
		{B442E3DA-8CF7-439A-A2BA-D6D87B1008BB}.Release|Win32.ActiveCfg = Release|Win32
		{B442E3DA-8CF7-439A-A2BA-D6D87B1008BB}.Release|Win32.Build.0 = Release|Win32
		{B442E3DA-8CF7-439A-A2BA-D6D87B1008BB}.MinSizeRel|Win32.ActiveCfg = MinSizeRel|Win32
		{B442E3DA-8CF7-439A-A2BA-D6D87B1008BB}.MinSizeRel|Win32.Build.0 = MinSizeRel|Win32
		{B442E3DA-8CF7-439A-A2BA-D6D87B1008BB}.RelWithDebInfo|Win32.ActiveCfg = RelWithDebInfo|Win32
		{B442E3DA-8CF7-439A-A2BA-D6D87B1008BB}.RelWithDebInfo|Win32.Build.0 = RelWithDebInfo|Win32
	EndGlobalSection
	GlobalSection(ExtensibilityGlobals) = postSolution
	EndGlobalSection
	GlobalSection(ExtensibilityAddIns) = postSolution
	EndGlobalSection
EndGlobal
